
Microsoft Visual Studio Solution File, Format Version 12.00
# Visual Studio Version 17
VisualStudioVersion = 17.4.33110.190
MinimumVisualStudioVersion = 10.0.40219.1
Project("{FAE04EC0-301F-11D3-BF4B-00C04F79EFBC}") = "RestFullAPI", "RestFullAPI\RestFullAPI.csproj", "{EAAA4CBD-19AE-4EA1-B475-790DC4533ACA}"
EndProject
Global
	GlobalSection(SolutionConfigurationPlatforms) = preSolution
		Debug|Any CPU = Debug|Any CPU
		Release|Any CPU = Release|Any CPU
	EndGlobalSection
	GlobalSection(ProjectConfigurationPlatforms) = postSolution
		{EAAA4CBD-19AE-4EA1-B475-790DC4533ACA}.Debug|Any CPU.ActiveCfg = Debug|Any CPU
		{EAAA4CBD-19AE-4EA1-B475-790DC4533ACA}.Debug|Any CPU.Build.0 = Debug|Any CPU
		{EAAA4CBD-19AE-4EA1-B475-790DC4533ACA}.Release|Any CPU.ActiveCfg = Release|Any CPU
		{EAAA4CBD-19AE-4EA1-B475-790DC4533ACA}.Release|Any CPU.Build.0 = Release|Any CPU
	EndGlobalSection
	GlobalSection(SolutionProperties) = preSolution
		HideSolutionNode = FALSE
	EndGlobalSection
	GlobalSection(ExtensibilityGlobals) = postSolution
		SolutionGuid = {17EF263B-9C6E-45C2-8B03-057640B88F87}
	EndGlobalSection
EndGlobal
